name = "sweetboss12512/rbx_profile"
version = "2.0.0"
target = "lune"

[graph."corecii/greentea"."0.4.11 lune"]
resolved_ty = "standard"

[graph."corecii/greentea"."0.4.11 lune".target]
environment = "lune"
lib = "src/init.luau"

[graph."corecii/greentea"."0.4.11 lune".pkg_ref]
ref_ty = "pesde"
name = "corecii/greentea"
version = "0.4.11"
index_url = "https://github.com/daimond113/pesde-index"

[graph."corecii/greentea"."0.4.11 lune".pkg_ref.target]
environment = "lune"
lib = "src/init.luau"

[graph."jiwonz/luau_disk"."0.1.4 luau"]
resolved_ty = "standard"

[graph."jiwonz/luau_disk"."0.1.4 luau".target]
environment = "luau"
lib = "src/init.luau"

[graph."jiwonz/luau_disk"."0.1.4 luau".pkg_ref]
ref_ty = "pesde"
name = "jiwonz/luau_disk"
version = "0.1.4"
index_url = "https://github.com/pesde-pkg/index"

[graph."jiwonz/luau_disk"."0.1.4 luau".pkg_ref.target]
environment = "luau"
lib = "src/init.luau"

[graph."jiwonz/luau_path"."0.1.1 luau"]
resolved_ty = "standard"

[graph."jiwonz/luau_path"."0.1.1 luau".target]
environment = "luau"
lib = "src/init.luau"

[graph."jiwonz/luau_path"."0.1.1 luau".dependencies]
"jiwonz/luau_disk" = ["0.1.4 luau", "luau_disk"]

[graph."jiwonz/luau_path"."0.1.1 luau".pkg_ref]
ref_ty = "pesde"
name = "jiwonz/luau_path"
version = "0.1.1"
index_url = "https://github.com/daimond113/pesde-index"

[graph."jiwonz/luau_path"."0.1.1 luau".pkg_ref.dependencies]
luau_disk = [{ name = "jiwonz/luau_disk", version = "^0.1.2", index = "https://github.com/pesde-pkg/index" }, "standard"]

[graph."jiwonz/luau_path"."0.1.1 luau".pkg_ref.target]
environment = "luau"
lib = "src/init.luau"

[graph."jiwonz/pathfs"."0.2.3 lune"]
direct = ["lune-path", { name = "jiwonz/pathfs", version = "^0.2.3" }, "standard"]
resolved_ty = "standard"

[graph."jiwonz/pathfs"."0.2.3 lune".target]
environment = "lune"
lib = "init.luau"

[graph."jiwonz/pathfs"."0.2.3 lune".dependencies]
"corecii/greentea" = ["0.4.11 lune", "greentea"]
"jiwonz/luau_path" = ["0.1.1 luau", "luau_path"]

[graph."jiwonz/pathfs"."0.2.3 lune".pkg_ref]
ref_ty = "pesde"
name = "jiwonz/pathfs"
version = "0.2.3"
index_url = "https://github.com/pesde-pkg/index"

[graph."jiwonz/pathfs"."0.2.3 lune".pkg_ref.dependencies]
frktest = [{ name = "itsfrank/frktest", version = "^0.0.2", index = "https://github.com/daimond113/pesde-index" }, "dev"]
greentea = [{ name = "corecii/greentea", version = "^0.4.11", index = "https://github.com/daimond113/pesde-index" }, "standard"]
luau_path = [{ name = "jiwonz/luau_path", version = "^0.1.1", index = "https://github.com/daimond113/pesde-index", target = "luau" }, "standard"]

[graph."jiwonz/pathfs"."0.2.3 lune".pkg_ref.target]
environment = "lune"
lib = "init.luau"
